
Microsoft Visual Studio Solution File, Format Version 12.00
# Visual Studio 15
VisualStudioVersion = 15.0.26124.0
MinimumVisualStudioVersion = 15.0.26124.0
Project("{2150E333-8FDC-42A3-9474-1A3956D46DE8}") = "src", "src", "{9743B484-3DE8-4829-A24B-1AF4BF792C6E}"
EndProject
Project("{FAE04EC0-301F-11D3-BF4B-00C04F79EFBC}") = "realEstate.Api", "src\realEstate.Api\realEstate.Api.csproj", "{8B9ACD97-5E63-47E9-9FD6-0EAB7C4611CD}"
EndProject
Project("{FAE04EC0-301F-11D3-BF4B-00C04F79EFBC}") = "realEstate.Worker", "src\realEstate.Worker\realEstate.Worker.csproj", "{04C87877-D225-46C8-B6A1-1A0761BD9D15}"
EndProject
Project("{FAE04EC0-301F-11D3-BF4B-00C04F79EFBC}") = "realEstate.Common", "src\realEstate.Common\realEstate.Common.csproj", "{4450C176-DC83-4C90-BF9D-0FA91CAA43EE}"
EndProject
Global
	GlobalSection(SolutionConfigurationPlatforms) = preSolution
		Debug|Any CPU = Debug|Any CPU
		Debug|x64 = Debug|x64
		Debug|x86 = Debug|x86
		Release|Any CPU = Release|Any CPU
		Release|x64 = Release|x64
		Release|x86 = Release|x86
	EndGlobalSection
	GlobalSection(SolutionProperties) = preSolution
		HideSolutionNode = FALSE
	EndGlobalSection
	GlobalSection(ProjectConfigurationPlatforms) = postSolution
		{8B9ACD97-5E63-47E9-9FD6-0EAB7C4611CD}.Debug|Any CPU.ActiveCfg = Debug|Any CPU
		{8B9ACD97-5E63-47E9-9FD6-0EAB7C4611CD}.Debug|Any CPU.Build.0 = Debug|Any CPU
		{8B9ACD97-5E63-47E9-9FD6-0EAB7C4611CD}.Debug|x64.ActiveCfg = Debug|Any CPU
		{8B9ACD97-5E63-47E9-9FD6-0EAB7C4611CD}.Debug|x64.Build.0 = Debug|Any CPU
		{8B9ACD97-5E63-47E9-9FD6-0EAB7C4611CD}.Debug|x86.ActiveCfg = Debug|Any CPU
		{8B9ACD97-5E63-47E9-9FD6-0EAB7C4611CD}.Debug|x86.Build.0 = Debug|Any CPU
		{8B9ACD97-5E63-47E9-9FD6-0EAB7C4611CD}.Release|Any CPU.ActiveCfg = Release|Any CPU
		{8B9ACD97-5E63-47E9-9FD6-0EAB7C4611CD}.Release|Any CPU.Build.0 = Release|Any CPU
		{8B9ACD97-5E63-47E9-9FD6-0EAB7C4611CD}.Release|x64.ActiveCfg = Release|Any CPU
		{8B9ACD97-5E63-47E9-9FD6-0EAB7C4611CD}.Release|x64.Build.0 = Release|Any CPU
		{8B9ACD97-5E63-47E9-9FD6-0EAB7C4611CD}.Release|x86.ActiveCfg = Release|Any CPU
		{8B9ACD97-5E63-47E9-9FD6-0EAB7C4611CD}.Release|x86.Build.0 = Release|Any CPU
		{04C87877-D225-46C8-B6A1-1A0761BD9D15}.Debug|Any CPU.ActiveCfg = Debug|Any CPU
		{04C87877-D225-46C8-B6A1-1A0761BD9D15}.Debug|Any CPU.Build.0 = Debug|Any CPU
		{04C87877-D225-46C8-B6A1-1A0761BD9D15}.Debug|x64.ActiveCfg = Debug|Any CPU
		{04C87877-D225-46C8-B6A1-1A0761BD9D15}.Debug|x64.Build.0 = Debug|Any CPU
		{04C87877-D225-46C8-B6A1-1A0761BD9D15}.Debug|x86.ActiveCfg = Debug|Any CPU
		{04C87877-D225-46C8-B6A1-1A0761BD9D15}.Debug|x86.Build.0 = Debug|Any CPU
		{04C87877-D225-46C8-B6A1-1A0761BD9D15}.Release|Any CPU.ActiveCfg = Release|Any CPU
		{04C87877-D225-46C8-B6A1-1A0761BD9D15}.Release|Any CPU.Build.0 = Release|Any CPU
		{04C87877-D225-46C8-B6A1-1A0761BD9D15}.Release|x64.ActiveCfg = Release|Any CPU
		{04C87877-D225-46C8-B6A1-1A0761BD9D15}.Release|x64.Build.0 = Release|Any CPU
		{04C87877-D225-46C8-B6A1-1A0761BD9D15}.Release|x86.ActiveCfg = Release|Any CPU
		{04C87877-D225-46C8-B6A1-1A0761BD9D15}.Release|x86.Build.0 = Release|Any CPU
		{4450C176-DC83-4C90-BF9D-0FA91CAA43EE}.Debug|Any CPU.ActiveCfg = Debug|Any CPU
		{4450C176-DC83-4C90-BF9D-0FA91CAA43EE}.Debug|Any CPU.Build.0 = Debug|Any CPU
		{4450C176-DC83-4C90-BF9D-0FA91CAA43EE}.Debug|x64.ActiveCfg = Debug|Any CPU
		{4450C176-DC83-4C90-BF9D-0FA91CAA43EE}.Debug|x64.Build.0 = Debug|Any CPU
		{4450C176-DC83-4C90-BF9D-0FA91CAA43EE}.Debug|x86.ActiveCfg = Debug|Any CPU
		{4450C176-DC83-4C90-BF9D-0FA91CAA43EE}.Debug|x86.Build.0 = Debug|Any CPU
		{4450C176-DC83-4C90-BF9D-0FA91CAA43EE}.Release|Any CPU.ActiveCfg = Release|Any CPU
		{4450C176-DC83-4C90-BF9D-0FA91CAA43EE}.Release|Any CPU.Build.0 = Release|Any CPU
		{4450C176-DC83-4C90-BF9D-0FA91CAA43EE}.Release|x64.ActiveCfg = Release|Any CPU
		{4450C176-DC83-4C90-BF9D-0FA91CAA43EE}.Release|x64.Build.0 = Release|Any CPU
		{4450C176-DC83-4C90-BF9D-0FA91CAA43EE}.Release|x86.ActiveCfg = Release|Any CPU
		{4450C176-DC83-4C90-BF9D-0FA91CAA43EE}.Release|x86.Build.0 = Release|Any CPU
	EndGlobalSection
	GlobalSection(NestedProjects) = preSolution
		{8B9ACD97-5E63-47E9-9FD6-0EAB7C4611CD} = {9743B484-3DE8-4829-A24B-1AF4BF792C6E}
		{04C87877-D225-46C8-B6A1-1A0761BD9D15} = {9743B484-3DE8-4829-A24B-1AF4BF792C6E}
		{4450C176-DC83-4C90-BF9D-0FA91CAA43EE} = {9743B484-3DE8-4829-A24B-1AF4BF792C6E}
	EndGlobalSection
EndGlobal
